Microsoft Visual Studio Solution File, Format Version 12.00
# Visual Studio 15
VisualStudioVersion = 15.0.26228.4
MinimumVisualStudioVersion = 10.0.40219.1
Project("{2150E333-8FDC-42A3-9474-1A3956D46DE8}") = "src", "src", "{3D662F2C-304E-4F35-B7BE-AAE44DE4EB04}"
EndProject
Project("{FAE04EC0-301F-11D3-BF4B-00C04F79EFBC}") = "Ferro", "src\Ferro\Ferro.csproj", "{48964819-E837-49C3-96C1-8F365D5B2CA2}"
EndProject
Project("{FAE04EC0-301F-11D3-BF4B-00C04F79EFBC}") = "Ferro.Tests", "test\Ferro.Tests\Ferro.Tests.csproj", "{D23B4D6A-2366-46E7-9323-4552F1BF4A1A}"
EndProject
Project("{2150E333-8FDC-42A3-9474-1A3956D46DE8}") = "Ferro", "Ferro", "{CF022053-4CFF-4BBC-96C2-A14C0F0A53A0}"
EndProject
Project("{FAE04EC0-301F-11D3-BF4B-00C04F79EFBC}") = "backup_1", "src\Ferro\backup_1\backup_1.csproj", "{D93126C1-A49F-4B4A-8F67-E9261E65FD9A}"
EndProject
Project("{2150E333-8FDC-42A3-9474-1A3956D46DE8}") = "backup_1", "backup_1", "{51111672-1779-4C75-8812-3A1EB3B876E0}"
EndProject
Project("{FAE04EC0-301F-11D3-BF4B-00C04F79EFBC}") = "backup", "src\Ferro\backup_1\backup\backup.csproj", "{A7A606C5-AA39-498E-BDA1-31CD087DB8F2}"
EndProject
Global
	GlobalSection(SolutionConfigurationPlatforms) = preSolution
		Debug|Any CPU = Debug|Any CPU
		Debug|x64 = Debug|x64
		Debug|x86 = Debug|x86
		Release|Any CPU = Release|Any CPU
		Release|x64 = Release|x64
		Release|x86 = Release|x86
	EndGlobalSection
	GlobalSection(ProjectConfigurationPlatforms) = postSolution
		{48964819-E837-49C3-96C1-8F365D5B2CA2}.Debug|Any CPU.ActiveCfg = Debug|Any CPU
		{48964819-E837-49C3-96C1-8F365D5B2CA2}.Debug|Any CPU.Build.0 = Debug|Any CPU
		{48964819-E837-49C3-96C1-8F365D5B2CA2}.Debug|x64.ActiveCfg = Debug|Any CPU
		{48964819-E837-49C3-96C1-8F365D5B2CA2}.Debug|x86.ActiveCfg = Debug|Any CPU
		{48964819-E837-49C3-96C1-8F365D5B2CA2}.Release|Any CPU.ActiveCfg = Release|Any CPU
		{48964819-E837-49C3-96C1-8F365D5B2CA2}.Release|Any CPU.Build.0 = Release|Any CPU
		{48964819-E837-49C3-96C1-8F365D5B2CA2}.Release|x64.ActiveCfg = Release|Any CPU
		{48964819-E837-49C3-96C1-8F365D5B2CA2}.Release|x86.ActiveCfg = Release|Any CPU
		{D23B4D6A-2366-46E7-9323-4552F1BF4A1A}.Debug|Any CPU.ActiveCfg = Debug|Any CPU
		{D23B4D6A-2366-46E7-9323-4552F1BF4A1A}.Debug|Any CPU.Build.0 = Debug|Any CPU
		{D23B4D6A-2366-46E7-9323-4552F1BF4A1A}.Debug|x64.ActiveCfg = Debug|Any CPU
		{D23B4D6A-2366-46E7-9323-4552F1BF4A1A}.Debug|x86.ActiveCfg = Debug|Any CPU
		{D23B4D6A-2366-46E7-9323-4552F1BF4A1A}.Release|Any CPU.ActiveCfg = Release|Any CPU
		{D23B4D6A-2366-46E7-9323-4552F1BF4A1A}.Release|Any CPU.Build.0 = Release|Any CPU
		{D23B4D6A-2366-46E7-9323-4552F1BF4A1A}.Release|x64.ActiveCfg = Release|Any CPU
		{D23B4D6A-2366-46E7-9323-4552F1BF4A1A}.Release|x86.ActiveCfg = Release|Any CPU
		{D93126C1-A49F-4B4A-8F67-E9261E65FD9A}.Debug|Any CPU.ActiveCfg = Debug|Any CPU
		{D93126C1-A49F-4B4A-8F67-E9261E65FD9A}.Debug|Any CPU.Build.0 = Debug|Any CPU
		{D93126C1-A49F-4B4A-8F67-E9261E65FD9A}.Debug|x64.ActiveCfg = Debug|x64
		{D93126C1-A49F-4B4A-8F67-E9261E65FD9A}.Debug|x64.Build.0 = Debug|x64
		{D93126C1-A49F-4B4A-8F67-E9261E65FD9A}.Debug|x86.ActiveCfg = Debug|x86
		{D93126C1-A49F-4B4A-8F67-E9261E65FD9A}.Debug|x86.Build.0 = Debug|x86
		{D93126C1-A49F-4B4A-8F67-E9261E65FD9A}.Release|Any CPU.ActiveCfg = Release|Any CPU
		{D93126C1-A49F-4B4A-8F67-E9261E65FD9A}.Release|Any CPU.Build.0 = Release|Any CPU
		{D93126C1-A49F-4B4A-8F67-E9261E65FD9A}.Release|x64.ActiveCfg = Release|x64
		{D93126C1-A49F-4B4A-8F67-E9261E65FD9A}.Release|x64.Build.0 = Release|x64
		{D93126C1-A49F-4B4A-8F67-E9261E65FD9A}.Release|x86.ActiveCfg = Release|x86
		{D93126C1-A49F-4B4A-8F67-E9261E65FD9A}.Release|x86.Build.0 = Release|x86
		{A7A606C5-AA39-498E-BDA1-31CD087DB8F2}.Debug|Any CPU.ActiveCfg = Debug|Any CPU
		{A7A606C5-AA39-498E-BDA1-31CD087DB8F2}.Debug|Any CPU.Build.0 = Debug|Any CPU
		{A7A606C5-AA39-498E-BDA1-31CD087DB8F2}.Debug|x64.ActiveCfg = Debug|x64
		{A7A606C5-AA39-498E-BDA1-31CD087DB8F2}.Debug|x64.Build.0 = Debug|x64
		{A7A606C5-AA39-498E-BDA1-31CD087DB8F2}.Debug|x86.ActiveCfg = Debug|x86
		{A7A606C5-AA39-498E-BDA1-31CD087DB8F2}.Debug|x86.Build.0 = Debug|x86
		{A7A606C5-AA39-498E-BDA1-31CD087DB8F2}.Release|Any CPU.ActiveCfg = Release|Any CPU
		{A7A606C5-AA39-498E-BDA1-31CD087DB8F2}.Release|Any CPU.Build.0 = Release|Any CPU
		{A7A606C5-AA39-498E-BDA1-31CD087DB8F2}.Release|x64.ActiveCfg = Release|x64
		{A7A606C5-AA39-498E-BDA1-31CD087DB8F2}.Release|x64.Build.0 = Release|x64
		{A7A606C5-AA39-498E-BDA1-31CD087DB8F2}.Release|x86.ActiveCfg = Release|x86
		{A7A606C5-AA39-498E-BDA1-31CD087DB8F2}.Release|x86.Build.0 = Release|x86
	EndGlobalSection
	GlobalSection(SolutionProperties) = preSolution
		HideSolutionNode = FALSE
	EndGlobalSection
	GlobalSection(NestedProjects) = preSolution
		{48964819-E837-49C3-96C1-8F365D5B2CA2} = {3D662F2C-304E-4F35-B7BE-AAE44DE4EB04}
		{CF022053-4CFF-4BBC-96C2-A14C0F0A53A0} = {3D662F2C-304E-4F35-B7BE-AAE44DE4EB04}
		{D93126C1-A49F-4B4A-8F67-E9261E65FD9A} = {CF022053-4CFF-4BBC-96C2-A14C0F0A53A0}
		{51111672-1779-4C75-8812-3A1EB3B876E0} = {CF022053-4CFF-4BBC-96C2-A14C0F0A53A0}
		{A7A606C5-AA39-498E-BDA1-31CD087DB8F2} = {51111672-1779-4C75-8812-3A1EB3B876E0}
	EndGlobalSection
EndGlobal
